{
  "nodes": {
    "flakeNimbleLib": {
      "inputs": {
        "nixpkgs": [
          "nixpkgs"
        ]
      },
      "locked": {
        "lastModified": 1662018438,
        "narHash": "sha256-QtNtU6+LX3Wokxf0zlFwKTFOcn6TeDjKQZ+DA9OYtvM=",
        "owner": "riinr",
        "repo": "nim-flakes-lib",
        "rev": "b1fe8340736e3a85d25c709ac3dfd82a55c03cbf",
        "type": "github"
      },
      "original": {
        "owner": "riinr",
        "ref": "master",
        "repo": "nim-flakes-lib",
        "type": "github"
      }
    },
    "htmlanticopy-master": {
      "inputs": {
        "flakeNimbleLib": [
          "flakeNimbleLib"
        ],
        "nixpkgs": [
          "nixpkgs"
        ],
        "src-htmlAntiCopy-master": "src-htmlAntiCopy-master"
      },
      "locked": {
        "dir": "master",
        "lastModified": 1665580908,
        "narHash": "sha256-Om9OjP04u7YDRBi44xql0oDbwizId6N0a4v1MbUtvxQ=",
        "owner": "nim-nix-pkgs",
        "repo": "htmlanticopy",
        "rev": "63e5df278136d8931003ef1326111356d62ea680",
        "type": "github"
      },
      "original": {
        "dir": "master",
        "owner": "nim-nix-pkgs",
        "ref": "master",
        "repo": "htmlanticopy",
        "type": "github"
      }
    },
    "nixpkgs": {
      "locked": {
        "lastModified": 1667110639,
        "narHash": "sha256-4FbPESZ5LbqQxkJJJBAfk/zKgF9h/4kyUwjjpJwYlbc=",
        "owner": "NixOS",
        "repo": "nixpkgs",
        "rev": "f38a1f04d1bec1feb61fd101a0539ae2002a7087",
        "type": "github"
      },
      "original": {
        "id": "nixpkgs",
        "type": "indirect"
      }
    },
    "root": {
      "inputs": {
        "flakeNimbleLib": "flakeNimbleLib",
        "htmlanticopy-master": "htmlanticopy-master",
        "nixpkgs": "nixpkgs"
      }
    },
    "src-htmlAntiCopy-master": {
      "flake": false,
      "locked": {
        "lastModified": 1659916099,
        "narHash": "sha256-NUpDCbakk3Z5j957JL2RSJ4JqaTQ7YZr2tORMJL0YIk=",
        "owner": "thisago",
        "repo": "htmlAntiCopy",
        "rev": "b9917032e55e995e605ca63afd0f874789d7b688",
        "type": "github"
      },
      "original": {
        "owner": "thisago",
        "ref": "refs/heads/master",
        "repo": "htmlAntiCopy",
        "type": "github"
      }
    }
  },
  "root": "root",
  "version": 7
}
